// !$*UTF8*$!
{
	archiveVersion = 1;
	classes = {
	};
	objectVersion = 46;
	objects = {

/* Begin PBXBuildFile section */
		9E2FD3231AFF237300CECEBF /* main.cpp in Sources */ = {isa = PBXBuildFile; fileRef = 9E2FD3221AFF237300CECEBF /* main.cpp */; };
		9E2FD32D1AFF23B700CECEBF /* point.cpp in Sources */ = {isa = PBXBuildFile; fileRef = 9E2FD32B1AFF23B700CECEBF /* point.cpp */; };
		9E2FD3301AFF256D00CECEBF /* functions.cpp in Sources */ = {isa = PBXBuildFile; fileRef = 9E2FD32E1AFF256D00CECEBF /* functions.cpp */; };
		9E2FD3381AFF27F000CECEBF /* parquet.cpp in Sources */ = {isa = PBXBuildFile; fileRef = 9E2FD3361AFF27F000CECEBF /* parquet.cpp */; };
		9E2FD33E1B00126700CECEBF /* girl.cpp in Sources */ = {isa = PBXBuildFile; fileRef = 9E2FD33C1B00126700CECEBF /* girl.cpp */; };
/* End PBXBuildFile section */

/* Begin PBXCopyFilesBuildPhase section */
		9E2FD31D1AFF237300CECEBF /* CopyFiles */ = {
			isa = PBXCopyFilesBuildPhase;
			buildActionMask = 2147483647;
			dstPath = /usr/share/man/man1/;
			dstSubfolderSpec = 0;
			files = (
			);
			runOnlyForDeploymentPostprocessing = 1;
		};
/* End PBXCopyFilesBuildPhase section */

/* Begin PBXFileReference section */
		9E2FD31F1AFF237300CECEBF /* pwrdisco */ = {isa = PBXFileReference; explicitFileType = "compiled.mach-o.executable"; includeInIndex = 0; path = pwrdisco; sourceTree = BUILT_PRODUCTS_DIR; };
		9E2FD3221AFF237300CECEBF /* main.cpp */ = {isa = PBXFileReference; lastKnownFileType = sourcecode.cpp.cpp; path = main.cpp; sourceTree = "<group>"; };
		9E2FD32B1AFF23B700CECEBF /* point.cpp */ = {isa = PBXFileReference; fileEncoding = 4; lastKnownFileType = sourcecode.cpp.cpp; path = point.cpp; sourceTree = "<group>"; };
		9E2FD32C1AFF23B700CECEBF /* point.h */ = {isa = PBXFileReference; fileEncoding = 4; lastKnownFileType = sourcecode.c.h; path = point.h; sourceTree = "<group>"; };
		9E2FD32E1AFF256D00CECEBF /* functions.cpp */ = {isa = PBXFileReference; fileEncoding = 4; lastKnownFileType = sourcecode.cpp.cpp; path = functions.cpp; sourceTree = "<group>"; };
		9E2FD32F1AFF256D00CECEBF /* functions.h */ = {isa = PBXFileReference; fileEncoding = 4; lastKnownFileType = sourcecode.c.h; path = functions.h; sourceTree = "<group>"; };
		9E2FD3321AFF257500CECEBF /* classes.h */ = {isa = PBXFileReference; fileEncoding = 4; lastKnownFileType = sourcecode.c.h; path = classes.h; sourceTree = "<group>"; };
		9E2FD3341AFF25FF00CECEBF /* headers.h */ = {isa = PBXFileReference; lastKnownFileType = sourcecode.c.h; path = headers.h; sourceTree = "<group>"; };
		9E2FD3361AFF27F000CECEBF /* parquet.cpp */ = {isa = PBXFileReference; fileEncoding = 4; lastKnownFileType = sourcecode.cpp.cpp; path = parquet.cpp; sourceTree = "<group>"; };
		9E2FD3371AFF27F000CECEBF /* parquet.h */ = {isa = PBXFileReference; fileEncoding = 4; lastKnownFileType = sourcecode.c.h; path = parquet.h; sourceTree = "<group>"; };
		9E2FD33C1B00126700CECEBF /* girl.cpp */ = {isa = PBXFileReference; fileEncoding = 4; lastKnownFileType = sourcecode.cpp.cpp; path = girl.cpp; sourceTree = "<group>"; };
		9E2FD33D1B00126700CECEBF /* girl.h */ = {isa = PBXFileReference; fileEncoding = 4; lastKnownFileType = sourcecode.c.h; path = girl.h; sourceTree = "<group>"; };
/* End PBXFileReference section */

/* Begin PBXFrameworksBuildPhase section */
		9E2FD31C1AFF237300CECEBF /* Frameworks */ = {
			isa = PBXFrameworksBuildPhase;
			buildActionMask = 2147483647;
			files = (
			);
			runOnlyForDeploymentPostprocessing = 0;
		};
/* End PBXFrameworksBuildPhase section */

/* Begin PBXGroup section */
		9E2FD3161AFF237200CECEBF = {
			isa = PBXGroup;
			children = (
				9E2FD3211AFF237300CECEBF /* pwrdisco */,
				9E2FD3201AFF237300CECEBF /* Products */,
			);
			sourceTree = "<group>";
		};
		9E2FD3201AFF237300CECEBF /* Products */ = {
			isa = PBXGroup;
			children = (
				9E2FD31F1AFF237300CECEBF /* pwrdisco */,
			);
			name = Products;
			sourceTree = "<group>";
		};
		9E2FD3211AFF237300CECEBF /* pwrdisco */ = {
			isa = PBXGroup;
			children = (
				9E2FD3221AFF237300CECEBF /* main.cpp */,
				9E2FD3291AFF239500CECEBF /* lib */,
			);
			path = pwrdisco;
			sourceTree = "<group>";
		};
		9E2FD3291AFF239500CECEBF /* lib */ = {
			isa = PBXGroup;
			children = (
				9E2FD32A1AFF23A300CECEBF /* classes */,
				9E2FD32E1AFF256D00CECEBF /* functions.cpp */,
				9E2FD32F1AFF256D00CECEBF /* functions.h */,
				9E2FD3341AFF25FF00CECEBF /* headers.h */,
				9E2FD3321AFF257500CECEBF /* classes.h */,
			);
			name = lib;
			sourceTree = "<group>";
		};
		9E2FD32A1AFF23A300CECEBF /* classes */ = {
			isa = PBXGroup;
			children = (
				9E2FD32B1AFF23B700CECEBF /* point.cpp */,
				9E2FD33C1B00126700CECEBF /* girl.cpp */,
				9E2FD33D1B00126700CECEBF /* girl.h */,
				9E2FD3361AFF27F000CECEBF /* parquet.cpp */,
				9E2FD3371AFF27F000CECEBF /* parquet.h */,
				9E2FD32C1AFF23B700CECEBF /* point.h */,
			);
			name = classes;
			sourceTree = "<group>";
		};
/* End PBXGroup section */

/* Begin PBXNativeTarget section */
		9E2FD31E1AFF237300CECEBF /* pwrdisco */ = {
			isa = PBXNativeTarget;
			buildConfigurationList = 9E2FD3261AFF237300CECEBF /* Build configuration list for PBXNativeTarget "pwrdisco" */;
			buildPhases = (
				9E2FD31B1AFF237300CECEBF /* Sources */,
				9E2FD31C1AFF237300CECEBF /* Frameworks */,
				9E2FD31D1AFF237300CECEBF /* CopyFiles */,
			);
			buildRules = (
			);
			dependencies = (
			);
			name = pwrdisco;
			productName = pwrdisco;
			productReference = 9E2FD31F1AFF237300CECEBF /* pwrdisco */;
			productType = "com.apple.product-type.tool";
		};
/* End PBXNativeTarget section */

/* Begin PBXProject section */
		9E2FD3171AFF237200CECEBF /* Project object */ = {
			isa = PBXProject;
			attributes = {
				LastUpgradeCheck = 0630;
				ORGANIZATIONNAME = "Sebastian Wilgosz";
				TargetAttributes = {
					9E2FD31E1AFF237300CECEBF = {
						CreatedOnToolsVersion = 6.3.1;
					};
				};
			};
			buildConfigurationList = 9E2FD31A1AFF237200CECEBF /* Build configuration list for PBXProject "pwrdisco" */;
			compatibilityVersion = "Xcode 3.2";
			developmentRegion = English;
			hasScannedForEncodings = 0;
			knownRegions = (
				en,
			);
			mainGroup = 9E2FD3161AFF237200CECEBF;
			productRefGroup = 9E2FD3201AFF237300CECEBF /* Products */;
			projectDirPath = "";
			projectRoot = "";
			targets = (
				9E2FD31E1AFF237300CECEBF /* pwrdisco */,
			);
		};
/* End PBXProject section */

/* Begin PBXSourcesBuildPhase section */
		9E2FD31B1AFF237300CECEBF /* Sources */ = {
			isa = PBXSourcesBuildPhase;
			buildActionMask = 2147483647;
			files = (
				9E2FD32D1AFF23B700CECEBF /* point.cpp in Sources */,
				9E2FD3301AFF256D00CECEBF /* functions.cpp in Sources */,
				9E2FD3381AFF27F000CECEBF /* parquet.cpp in Sources */,
				9E2FD33E1B00126700CECEBF /* girl.cpp in Sources */,
				9E2FD3231AFF237300CECEBF /* main.cpp in Sources */,
			);
			runOnlyForDeploymentPostprocessing = 0;
		};
/* End PBXSourcesBuildPhase section */

/* Begin XCBuildConfiguration section */
		9E2FD3241AFF237300CECEBF /* Debug */ = {
			isa = XCBuildConfiguration;
			buildSettings = {
				ALWAYS_SEARCH_USER_PATHS = NO;
				CLANG_CXX_LANGUAGE_STANDARD = "gnu++0x";
				CLANG_CXX_LIBRARY = "libc++";
				CLANG_ENABLE_MODULES = YES;
				CLANG_ENABLE_OBJC_ARC = YES;
				CLANG_WARN_BOOL_CONVERSION = YES;
				CLANG_WARN_CONSTANT_CONVERSION = YES;
				CLANG_WARN_DIRECT_OBJC_ISA_USAGE = YES_ERROR;
				CLANG_WARN_EMPTY_BODY = YES;
				CLANG_WARN_ENUM_CONVERSION = YES;
				CLANG_WARN_INT_CONVERSION = YES;
				CLANG_WARN_OBJC_ROOT_CLASS = YES_ERROR;
				CLANG_WARN_UNREACHABLE_CODE = YES;
				CLANG_WARN__DUPLICATE_METHOD_MATCH = YES;
				COPY_PHASE_STRIP = NO;
				DEBUG_INFORMATION_FORMAT = dwarf;
				ENABLE_STRICT_OBJC_MSGSEND = YES;
				GCC_C_LANGUAGE_STANDARD = gnu99;
				GCC_DYNAMIC_NO_PIC = NO;
				GCC_NO_COMMON_BLOCKS = YES;
				GCC_OPTIMIZATION_LEVEL = 0;
				GCC_PREPROCESSOR_DEFINITIONS = (
					"DEBUG=1",
					"$(inherited)",
				);
				GCC_SYMBOLS_PRIVATE_EXTERN = NO;
				GCC_WARN_64_TO_32_BIT_CONVERSION = YES;
				GCC_WARN_ABOUT_RETURN_TYPE = YES_ERROR;
				GCC_WARN_UNDECLARED_SELECTOR = YES;
				GCC_WARN_UNINITIALIZED_AUTOS = YES_AGGRESSIVE;
				GCC_WARN_UNUSED_FUNCTION = YES;
				GCC_WARN_UNUSED_VARIABLE = YES;
				MACOSX_DEPLOYMENT_TARGET = 10.10;
				MTL_ENABLE_DEBUG_INFO = YES;
				ONLY_ACTIVE_ARCH = YES;
				SDKROOT = macosx;
			};
			name = Debug;
		};
		9E2FD3251AFF237300CECEBF /* Release */ = {
			isa = XCBuildConfiguration;
			buildSettings = {
				ALWAYS_SEARCH_USER_PATHS = NO;
				CLANG_CXX_LANGUAGE_STANDARD = "gnu++0x";
				CLANG_CXX_LIBRARY = "libc++";
				CLANG_ENABLE_MODULES = YES;
				CLANG_ENABLE_OBJC_ARC = YES;
				CLANG_WARN_BOOL_CONVERSION = YES;
				CLANG_WARN_CONSTANT_CONVERSION = YES;
				CLANG_WARN_DIRECT_OBJC_ISA_USAGE = YES_ERROR;
				CLANG_WARN_EMPTY_BODY = YES;
				CLANG_WARN_ENUM_CONVERSION = YES;
				CLANG_WARN_INT_CONVERSION = YES;
				CLANG_WARN_OBJC_ROOT_CLASS = YES_ERROR;
				CLANG_WARN_UNREACHABLE_CODE = YES;
				CLANG_WARN__DUPLICATE_METHOD_MATCH = YES;
				COPY_PHASE_STRIP = NO;
				DEBUG_INFORMATION_FORMAT = "dwarf-with-dsym";
				ENABLE_NS_ASSERTIONS = NO;
				ENABLE_STRICT_OBJC_MSGSEND = YES;
				GCC_C_LANGUAGE_STANDARD = gnu99;
				GCC_NO_COMMON_BLOCKS = YES;
				GCC_WARN_64_TO_32_BIT_CONVERSION = YES;
				GCC_WARN_ABOUT_RETURN_TYPE = YES_ERROR;
				GCC_WARN_UNDECLARED_SELECTOR = YES;
				GCC_WARN_UNINITIALIZED_AUTOS = YES_AGGRESSIVE;
				GCC_WARN_UNUSED_FUNCTION = YES;
				GCC_WARN_UNUSED_VARIABLE = YES;
				MACOSX_DEPLOYMENT_TARGET = 10.10;
				MTL_ENABLE_DEBUG_INFO = NO;
				SDKROOT = macosx;
			};
			name = Release;
		};
		9E2FD3271AFF237300CECEBF /* Debug */ = {
			isa = XCBuildConfiguration;
			buildSettings = {
				PRODUCT_NAME = "$(TARGET_NAME)";
			};
			name = Debug;
		};
		9E2FD3281AFF237300CECEBF /* Release */ = {
			isa = XCBuildConfiguration;
			buildSettings = {
				PRODUCT_NAME = "$(TARGET_NAME)";
			};
			name = Release;
		};
/* End XCBuildConfiguration section */

/* Begin XCConfigurationList section */
		9E2FD31A1AFF237200CECEBF /* Build configuration list for PBXProject "pwrdisco" */ = {
			isa = XCConfigurationList;
			buildConfigurations = (
				9E2FD3241AFF237300CECEBF /* Debug */,
				9E2FD3251AFF237300CECEBF /* Release */,
			);
			defaultConfigurationIsVisible = 0;
			defaultConfigurationName = Release;
		};
		9E2FD3261AFF237300CECEBF /* Build configuration list for PBXNativeTarget "pwrdisco" */ = {
			isa = XCConfigurationList;
			buildConfigurations = (
				9E2FD3271AFF237300CECEBF /* Debug */,
				9E2FD3281AFF237300CECEBF /* Release */,
			);
			defaultConfigurationIsVisible = 0;
			defaultConfigurationName = Release;
		};
/* End XCConfigurationList section */
	};
	rootObject = 9E2FD3171AFF237200CECEBF /* Project object */;
}
